
Microsoft Visual Studio Solution File, Format Version 12.00
# Visual Studio Version 17
VisualStudioVersion = 17.6.33815.320
MinimumVisualStudioVersion = 10.0.40219.1
Project("{00D1A9C2-B5F0-4AF3-8072-F6C62B433612}") = "DbTest", "DbTest\DbTest.sqlproj", "{EEEA91BF-D415-4546-8FE6-8F176EAE3BA8}"
EndProject
Project("{2150E333-8FDC-42A3-9474-1A3956D46DE8}") = "[0] Database", "[0] Database", "{829774E8-650D-44B5-9D74-74147AC23436}"
EndProject
Project("{2150E333-8FDC-42A3-9474-1A3956D46DE8}") = "[1] DAL", "[1] DAL", "{B209FEED-5916-4395-9BE4-BF19950E4DA4}"
EndProject
Project("{FAE04EC0-301F-11D3-BF4B-00C04F79EFBC}") = "Demo.DAL", "Demo.DAL\Demo.DAL.csproj", "{9126DEB7-33FA-49C1-957E-0EA1F057B47B}"
EndProject
Project("{2150E333-8FDC-42A3-9474-1A3956D46DE8}") = "[99] Tools", "[99] Tools", "{C167B8AE-F42F-446D-AAB9-CE8E718074B2}"
EndProject
Project("{FAE04EC0-301F-11D3-BF4B-00C04F79EFBC}") = "Tools", "Tools\Tools.csproj", "{0BC80068-E6F9-409D-8833-83668E519602}"
EndProject
Project("{2150E333-8FDC-42A3-9474-1A3956D46DE8}") = "[2] BLL", "[2] BLL", "{E6A003E7-EFCD-4EF5-98F6-028380E507E5}"
EndProject
Project("{FAE04EC0-301F-11D3-BF4B-00C04F79EFBC}") = "Demo.BLL", "Demo.BLL\Demo.BLL.csproj", "{DAD64A4D-5194-4C9E-A805-C8CB9AE303C0}"
EndProject
Project("{2150E333-8FDC-42A3-9474-1A3956D46DE8}") = "[3] API", "[3] API", "{FE64E2AF-09DD-4853-96BA-14BA2537D841}"
EndProject
Project("{FAE04EC0-301F-11D3-BF4B-00C04F79EFBC}") = "Demo.API", "Demo.API\Demo.API.csproj", "{4F0D2EEF-2CA8-488B-904F-44A90C3CA2C7}"
EndProject
Global
	GlobalSection(SolutionConfigurationPlatforms) = preSolution
		Debug|Any CPU = Debug|Any CPU
		Release|Any CPU = Release|Any CPU
	EndGlobalSection
	GlobalSection(ProjectConfigurationPlatforms) = postSolution
		{EEEA91BF-D415-4546-8FE6-8F176EAE3BA8}.Debug|Any CPU.ActiveCfg = Debug|Any CPU
		{EEEA91BF-D415-4546-8FE6-8F176EAE3BA8}.Debug|Any CPU.Build.0 = Debug|Any CPU
		{EEEA91BF-D415-4546-8FE6-8F176EAE3BA8}.Debug|Any CPU.Deploy.0 = Debug|Any CPU
		{EEEA91BF-D415-4546-8FE6-8F176EAE3BA8}.Release|Any CPU.ActiveCfg = Release|Any CPU
		{EEEA91BF-D415-4546-8FE6-8F176EAE3BA8}.Release|Any CPU.Build.0 = Release|Any CPU
		{EEEA91BF-D415-4546-8FE6-8F176EAE3BA8}.Release|Any CPU.Deploy.0 = Release|Any CPU
		{9126DEB7-33FA-49C1-957E-0EA1F057B47B}.Debug|Any CPU.ActiveCfg = Debug|Any CPU
		{9126DEB7-33FA-49C1-957E-0EA1F057B47B}.Debug|Any CPU.Build.0 = Debug|Any CPU
		{9126DEB7-33FA-49C1-957E-0EA1F057B47B}.Release|Any CPU.ActiveCfg = Release|Any CPU
		{9126DEB7-33FA-49C1-957E-0EA1F057B47B}.Release|Any CPU.Build.0 = Release|Any CPU
		{0BC80068-E6F9-409D-8833-83668E519602}.Debug|Any CPU.ActiveCfg = Debug|Any CPU
		{0BC80068-E6F9-409D-8833-83668E519602}.Debug|Any CPU.Build.0 = Debug|Any CPU
		{0BC80068-E6F9-409D-8833-83668E519602}.Release|Any CPU.ActiveCfg = Release|Any CPU
		{0BC80068-E6F9-409D-8833-83668E519602}.Release|Any CPU.Build.0 = Release|Any CPU
		{DAD64A4D-5194-4C9E-A805-C8CB9AE303C0}.Debug|Any CPU.ActiveCfg = Debug|Any CPU
		{DAD64A4D-5194-4C9E-A805-C8CB9AE303C0}.Debug|Any CPU.Build.0 = Debug|Any CPU
		{DAD64A4D-5194-4C9E-A805-C8CB9AE303C0}.Release|Any CPU.ActiveCfg = Release|Any CPU
		{DAD64A4D-5194-4C9E-A805-C8CB9AE303C0}.Release|Any CPU.Build.0 = Release|Any CPU
		{4F0D2EEF-2CA8-488B-904F-44A90C3CA2C7}.Debug|Any CPU.ActiveCfg = Debug|Any CPU
		{4F0D2EEF-2CA8-488B-904F-44A90C3CA2C7}.Debug|Any CPU.Build.0 = Debug|Any CPU
		{4F0D2EEF-2CA8-488B-904F-44A90C3CA2C7}.Release|Any CPU.ActiveCfg = Release|Any CPU
		{4F0D2EEF-2CA8-488B-904F-44A90C3CA2C7}.Release|Any CPU.Build.0 = Release|Any CPU
	EndGlobalSection
	GlobalSection(SolutionProperties) = preSolution
		HideSolutionNode = FALSE
	EndGlobalSection
	GlobalSection(NestedProjects) = preSolution
		{EEEA91BF-D415-4546-8FE6-8F176EAE3BA8} = {829774E8-650D-44B5-9D74-74147AC23436}
		{9126DEB7-33FA-49C1-957E-0EA1F057B47B} = {B209FEED-5916-4395-9BE4-BF19950E4DA4}
		{0BC80068-E6F9-409D-8833-83668E519602} = {C167B8AE-F42F-446D-AAB9-CE8E718074B2}
		{DAD64A4D-5194-4C9E-A805-C8CB9AE303C0} = {E6A003E7-EFCD-4EF5-98F6-028380E507E5}
		{4F0D2EEF-2CA8-488B-904F-44A90C3CA2C7} = {FE64E2AF-09DD-4853-96BA-14BA2537D841}
	EndGlobalSection
	GlobalSection(ExtensibilityGlobals) = postSolution
		SolutionGuid = {BE3F8AD2-C4FB-414A-BA89-4537112400AA}
	EndGlobalSection
EndGlobal
